
Microsoft Visual Studio Solution File, Format Version 12.00
# Visual Studio Version 17
VisualStudioVersion = 17.6.33815.320
MinimumVisualStudioVersion = 10.0.40219.1
Project("{9A19103F-16F7-4668-BE54-9A1E7A4F7556}") = "M02EX001", "M02EX001\M02EX001.csproj", "{F82C4AE1-913F-404E-9174-F7DDAE92D2FC}"
EndProject
Project("{9A19103F-16F7-4668-BE54-9A1E7A4F7556}") = "M02EX002", "M02EX002\M02EX002.csproj", "{5E354846-363A-4C28-8F16-4779225C605B}"
EndProject
Project("{9A19103F-16F7-4668-BE54-9A1E7A4F7556}") = "M02EX003", "M02EX003\M02EX003.csproj", "{9DEF73FB-4B34-44D5-843D-79F92237A4D0}"
EndProject
Project("{9A19103F-16F7-4668-BE54-9A1E7A4F7556}") = "M02EX004", "M02EX004\M02EX004.csproj", "{6F8FC99B-67D1-4C86-BEBA-072BA20FC85F}"
EndProject
Project("{9A19103F-16F7-4668-BE54-9A1E7A4F7556}") = "M02EX005", "M02EX005\M02EX005.csproj", "{3012BD00-C840-42F6-90B7-2812C348092A}"
EndProject
Project("{9A19103F-16F7-4668-BE54-9A1E7A4F7556}") = "M02EX006", "M02EX006\M02EX006.csproj", "{02E0888B-E7D0-4DE5-A1C8-3901734E3492}"
EndProject
Project("{9A19103F-16F7-4668-BE54-9A1E7A4F7556}") = "M02DESAFIO01", "M02DESAFIO01\M02DESAFIO01.csproj", "{5D2CF513-0735-4974-A35F-DF796075900C}"
EndProject
Project("{9A19103F-16F7-4668-BE54-9A1E7A4F7556}") = "M02EX007", "M02EX007\M02EX007.csproj", "{FC68C684-ED82-4F90-A213-A7D54ACA3296}"
EndProject
Project("{9A19103F-16F7-4668-BE54-9A1E7A4F7556}") = "M02EX008", "M02EX008\M02EX008.csproj", "{D69E3E72-BD19-484F-ABDC-DE23B874A503}"
EndProject
Project("{9A19103F-16F7-4668-BE54-9A1E7A4F7556}") = "M02EX009", "M02EX009\M02EX009.csproj", "{276694D1-E424-4998-8B78-F669F6D7209B}"
EndProject
Project("{9A19103F-16F7-4668-BE54-9A1E7A4F7556}") = "M02EX010", "M02EX010\M02EX010.csproj", "{99D5BEDC-2764-4EB5-83F8-3D770C621864}"
EndProject
Project("{9A19103F-16F7-4668-BE54-9A1E7A4F7556}") = "M02EX011", "M02EX011\M02EX011.csproj", "{C74D6EAE-F397-49E3-AA1A-7D764E013DE2}"
EndProject
Project("{9A19103F-16F7-4668-BE54-9A1E7A4F7556}") = "M02EX012", "M02EX012\M02EX012.csproj", "{14772629-53AC-49C7-8004-0380A3DF8F5C}"
EndProject
Project("{9A19103F-16F7-4668-BE54-9A1E7A4F7556}") = "M02EX013", "M02EX013\M02EX013.csproj", "{C7D8A15E-2AC4-4AB0-A175-F833351843F1}"
EndProject
Project("{9A19103F-16F7-4668-BE54-9A1E7A4F7556}") = "M02EX014", "M02EX014\M02EX014.csproj", "{F126D14E-A96D-4CEF-A045-3C53E29D9D92}"
EndProject
Project("{9A19103F-16F7-4668-BE54-9A1E7A4F7556}") = "M02EX015", "M02EX015\M02EX015.csproj", "{F8F82AF6-5C04-4F7C-911B-731051C43E01}"
EndProject
Project("{9A19103F-16F7-4668-BE54-9A1E7A4F7556}") = "M02EX016", "M02EX016\M02EX016.csproj", "{F3FF96F1-8E2E-43E3-9BB3-2BBD928691E5}"
EndProject
Project("{9A19103F-16F7-4668-BE54-9A1E7A4F7556}") = "M02EX017", "M02EX017\M02EX017.csproj", "{86CB71B1-8E54-4ACE-8802-C8A9BF409B70}"
EndProject
Project("{9A19103F-16F7-4668-BE54-9A1E7A4F7556}") = "M02EX018", "M02EX018\M02EX018.csproj", "{F9AC6833-1293-454E-9C27-E06FD329A9B1}"
EndProject
Project("{FAE04EC0-301F-11D3-BF4B-00C04F79EFBC}") = "M02EX019", "M02EX019\M02EX019.csproj", "{5A2C7ABD-7F60-4DE3-ACC7-C2FBA6DDD890}"
EndProject
Project("{FAE04EC0-301F-11D3-BF4B-00C04F79EFBC}") = "M02EX020", "M02EX020\M02EX020.csproj", "{C6F4CE5A-C0B0-4F1E-BFE2-0B2660EF43E7}"
EndProject
Project("{FAE04EC0-301F-11D3-BF4B-00C04F79EFBC}") = "M02EX021", "M02EX021\M02EX021.csproj", "{883B84FF-FBE8-4D01-910C-64E626F2656D}"
EndProject
Project("{FAE04EC0-301F-11D3-BF4B-00C04F79EFBC}") = "M02EX022", "M02EX022\M02EX022.csproj", "{C79BC152-ABDF-4450-BA39-A93B93629642}"
EndProject
Global
	GlobalSection(SolutionConfigurationPlatforms) = preSolution
		Debug|Any CPU = Debug|Any CPU
		Release|Any CPU = Release|Any CPU
	EndGlobalSection
	GlobalSection(ProjectConfigurationPlatforms) = postSolution
		{F82C4AE1-913F-404E-9174-F7DDAE92D2FC}.Debug|Any CPU.ActiveCfg = Debug|Any CPU
		{F82C4AE1-913F-404E-9174-F7DDAE92D2FC}.Debug|Any CPU.Build.0 = Debug|Any CPU
		{F82C4AE1-913F-404E-9174-F7DDAE92D2FC}.Release|Any CPU.ActiveCfg = Release|Any CPU
		{F82C4AE1-913F-404E-9174-F7DDAE92D2FC}.Release|Any CPU.Build.0 = Release|Any CPU
		{5E354846-363A-4C28-8F16-4779225C605B}.Debug|Any CPU.ActiveCfg = Debug|Any CPU
		{5E354846-363A-4C28-8F16-4779225C605B}.Debug|Any CPU.Build.0 = Debug|Any CPU
		{5E354846-363A-4C28-8F16-4779225C605B}.Release|Any CPU.ActiveCfg = Release|Any CPU
		{5E354846-363A-4C28-8F16-4779225C605B}.Release|Any CPU.Build.0 = Release|Any CPU
		{9DEF73FB-4B34-44D5-843D-79F92237A4D0}.Debug|Any CPU.ActiveCfg = Debug|Any CPU
		{9DEF73FB-4B34-44D5-843D-79F92237A4D0}.Debug|Any CPU.Build.0 = Debug|Any CPU
		{9DEF73FB-4B34-44D5-843D-79F92237A4D0}.Release|Any CPU.ActiveCfg = Release|Any CPU
		{9DEF73FB-4B34-44D5-843D-79F92237A4D0}.Release|Any CPU.Build.0 = Release|Any CPU
		{6F8FC99B-67D1-4C86-BEBA-072BA20FC85F}.Debug|Any CPU.ActiveCfg = Debug|Any CPU
		{6F8FC99B-67D1-4C86-BEBA-072BA20FC85F}.Debug|Any CPU.Build.0 = Debug|Any CPU
		{6F8FC99B-67D1-4C86-BEBA-072BA20FC85F}.Release|Any CPU.ActiveCfg = Release|Any CPU
		{6F8FC99B-67D1-4C86-BEBA-072BA20FC85F}.Release|Any CPU.Build.0 = Release|Any CPU
		{3012BD00-C840-42F6-90B7-2812C348092A}.Debug|Any CPU.ActiveCfg = Debug|Any CPU
		{3012BD00-C840-42F6-90B7-2812C348092A}.Debug|Any CPU.Build.0 = Debug|Any CPU
		{3012BD00-C840-42F6-90B7-2812C348092A}.Release|Any CPU.ActiveCfg = Release|Any CPU
		{3012BD00-C840-42F6-90B7-2812C348092A}.Release|Any CPU.Build.0 = Release|Any CPU
		{02E0888B-E7D0-4DE5-A1C8-3901734E3492}.Debug|Any CPU.ActiveCfg = Debug|Any CPU
		{02E0888B-E7D0-4DE5-A1C8-3901734E3492}.Debug|Any CPU.Build.0 = Debug|Any CPU
		{02E0888B-E7D0-4DE5-A1C8-3901734E3492}.Release|Any CPU.ActiveCfg = Release|Any CPU
		{02E0888B-E7D0-4DE5-A1C8-3901734E3492}.Release|Any CPU.Build.0 = Release|Any CPU
		{5D2CF513-0735-4974-A35F-DF796075900C}.Debug|Any CPU.ActiveCfg = Debug|Any CPU
		{5D2CF513-0735-4974-A35F-DF796075900C}.Debug|Any CPU.Build.0 = Debug|Any CPU
		{5D2CF513-0735-4974-A35F-DF796075900C}.Release|Any CPU.ActiveCfg = Release|Any CPU
		{5D2CF513-0735-4974-A35F-DF796075900C}.Release|Any CPU.Build.0 = Release|Any CPU
		{FC68C684-ED82-4F90-A213-A7D54ACA3296}.Debug|Any CPU.ActiveCfg = Debug|Any CPU
		{FC68C684-ED82-4F90-A213-A7D54ACA3296}.Debug|Any CPU.Build.0 = Debug|Any CPU
		{FC68C684-ED82-4F90-A213-A7D54ACA3296}.Release|Any CPU.ActiveCfg = Release|Any CPU
		{FC68C684-ED82-4F90-A213-A7D54ACA3296}.Release|Any CPU.Build.0 = Release|Any CPU
		{D69E3E72-BD19-484F-ABDC-DE23B874A503}.Debug|Any CPU.ActiveCfg = Debug|Any CPU
		{D69E3E72-BD19-484F-ABDC-DE23B874A503}.Debug|Any CPU.Build.0 = Debug|Any CPU
		{D69E3E72-BD19-484F-ABDC-DE23B874A503}.Release|Any CPU.ActiveCfg = Release|Any CPU
		{D69E3E72-BD19-484F-ABDC-DE23B874A503}.Release|Any CPU.Build.0 = Release|Any CPU
		{276694D1-E424-4998-8B78-F669F6D7209B}.Debug|Any CPU.ActiveCfg = Debug|Any CPU
		{276694D1-E424-4998-8B78-F669F6D7209B}.Debug|Any CPU.Build.0 = Debug|Any CPU
		{276694D1-E424-4998-8B78-F669F6D7209B}.Release|Any CPU.ActiveCfg = Release|Any CPU
		{276694D1-E424-4998-8B78-F669F6D7209B}.Release|Any CPU.Build.0 = Release|Any CPU
		{99D5BEDC-2764-4EB5-83F8-3D770C621864}.Debug|Any CPU.ActiveCfg = Debug|Any CPU
		{99D5BEDC-2764-4EB5-83F8-3D770C621864}.Debug|Any CPU.Build.0 = Debug|Any CPU
		{99D5BEDC-2764-4EB5-83F8-3D770C621864}.Release|Any CPU.ActiveCfg = Release|Any CPU
		{99D5BEDC-2764-4EB5-83F8-3D770C621864}.Release|Any CPU.Build.0 = Release|Any CPU
		{C74D6EAE-F397-49E3-AA1A-7D764E013DE2}.Debug|Any CPU.ActiveCfg = Debug|Any CPU
		{C74D6EAE-F397-49E3-AA1A-7D764E013DE2}.Debug|Any CPU.Build.0 = Debug|Any CPU
		{C74D6EAE-F397-49E3-AA1A-7D764E013DE2}.Release|Any CPU.ActiveCfg = Release|Any CPU
		{C74D6EAE-F397-49E3-AA1A-7D764E013DE2}.Release|Any CPU.Build.0 = Release|Any CPU
		{14772629-53AC-49C7-8004-0380A3DF8F5C}.Debug|Any CPU.ActiveCfg = Debug|Any CPU
		{14772629-53AC-49C7-8004-0380A3DF8F5C}.Debug|Any CPU.Build.0 = Debug|Any CPU
		{14772629-53AC-49C7-8004-0380A3DF8F5C}.Release|Any CPU.ActiveCfg = Release|Any CPU
		{14772629-53AC-49C7-8004-0380A3DF8F5C}.Release|Any CPU.Build.0 = Release|Any CPU
		{C7D8A15E-2AC4-4AB0-A175-F833351843F1}.Debug|Any CPU.ActiveCfg = Debug|Any CPU
		{C7D8A15E-2AC4-4AB0-A175-F833351843F1}.Debug|Any CPU.Build.0 = Debug|Any CPU
		{C7D8A15E-2AC4-4AB0-A175-F833351843F1}.Release|Any CPU.ActiveCfg = Release|Any CPU
		{C7D8A15E-2AC4-4AB0-A175-F833351843F1}.Release|Any CPU.Build.0 = Release|Any CPU
		{F126D14E-A96D-4CEF-A045-3C53E29D9D92}.Debug|Any CPU.ActiveCfg = Debug|Any CPU
		{F126D14E-A96D-4CEF-A045-3C53E29D9D92}.Debug|Any CPU.Build.0 = Debug|Any CPU
		{F126D14E-A96D-4CEF-A045-3C53E29D9D92}.Release|Any CPU.ActiveCfg = Release|Any CPU
		{F126D14E-A96D-4CEF-A045-3C53E29D9D92}.Release|Any CPU.Build.0 = Release|Any CPU
		{F8F82AF6-5C04-4F7C-911B-731051C43E01}.Debug|Any CPU.ActiveCfg = Debug|Any CPU
		{F8F82AF6-5C04-4F7C-911B-731051C43E01}.Debug|Any CPU.Build.0 = Debug|Any CPU
		{F8F82AF6-5C04-4F7C-911B-731051C43E01}.Release|Any CPU.ActiveCfg = Release|Any CPU
		{F8F82AF6-5C04-4F7C-911B-731051C43E01}.Release|Any CPU.Build.0 = Release|Any CPU
		{F3FF96F1-8E2E-43E3-9BB3-2BBD928691E5}.Debug|Any CPU.ActiveCfg = Debug|Any CPU
		{F3FF96F1-8E2E-43E3-9BB3-2BBD928691E5}.Debug|Any CPU.Build.0 = Debug|Any CPU
		{F3FF96F1-8E2E-43E3-9BB3-2BBD928691E5}.Release|Any CPU.ActiveCfg = Release|Any CPU
		{F3FF96F1-8E2E-43E3-9BB3-2BBD928691E5}.Release|Any CPU.Build.0 = Release|Any CPU
		{86CB71B1-8E54-4ACE-8802-C8A9BF409B70}.Debug|Any CPU.ActiveCfg = Debug|Any CPU
		{86CB71B1-8E54-4ACE-8802-C8A9BF409B70}.Debug|Any CPU.Build.0 = Debug|Any CPU
		{86CB71B1-8E54-4ACE-8802-C8A9BF409B70}.Release|Any CPU.ActiveCfg = Release|Any CPU
		{86CB71B1-8E54-4ACE-8802-C8A9BF409B70}.Release|Any CPU.Build.0 = Release|Any CPU
		{F9AC6833-1293-454E-9C27-E06FD329A9B1}.Debug|Any CPU.ActiveCfg = Debug|Any CPU
		{F9AC6833-1293-454E-9C27-E06FD329A9B1}.Debug|Any CPU.Build.0 = Debug|Any CPU
		{F9AC6833-1293-454E-9C27-E06FD329A9B1}.Release|Any CPU.ActiveCfg = Release|Any CPU
		{F9AC6833-1293-454E-9C27-E06FD329A9B1}.Release|Any CPU.Build.0 = Release|Any CPU
		{5A2C7ABD-7F60-4DE3-ACC7-C2FBA6DDD890}.Debug|Any CPU.ActiveCfg = Debug|Any CPU
		{5A2C7ABD-7F60-4DE3-ACC7-C2FBA6DDD890}.Debug|Any CPU.Build.0 = Debug|Any CPU
		{5A2C7ABD-7F60-4DE3-ACC7-C2FBA6DDD890}.Release|Any CPU.ActiveCfg = Release|Any CPU
		{5A2C7ABD-7F60-4DE3-ACC7-C2FBA6DDD890}.Release|Any CPU.Build.0 = Release|Any CPU
		{C6F4CE5A-C0B0-4F1E-BFE2-0B2660EF43E7}.Debug|Any CPU.ActiveCfg = Debug|Any CPU
		{C6F4CE5A-C0B0-4F1E-BFE2-0B2660EF43E7}.Debug|Any CPU.Build.0 = Debug|Any CPU
		{C6F4CE5A-C0B0-4F1E-BFE2-0B2660EF43E7}.Release|Any CPU.ActiveCfg = Release|Any CPU
		{C6F4CE5A-C0B0-4F1E-BFE2-0B2660EF43E7}.Release|Any CPU.Build.0 = Release|Any CPU
		{883B84FF-FBE8-4D01-910C-64E626F2656D}.Debug|Any CPU.ActiveCfg = Debug|Any CPU
		{883B84FF-FBE8-4D01-910C-64E626F2656D}.Debug|Any CPU.Build.0 = Debug|Any CPU
		{883B84FF-FBE8-4D01-910C-64E626F2656D}.Release|Any CPU.ActiveCfg = Release|Any CPU
		{883B84FF-FBE8-4D01-910C-64E626F2656D}.Release|Any CPU.Build.0 = Release|Any CPU
		{C79BC152-ABDF-4450-BA39-A93B93629642}.Debug|Any CPU.ActiveCfg = Debug|Any CPU
		{C79BC152-ABDF-4450-BA39-A93B93629642}.Debug|Any CPU.Build.0 = Debug|Any CPU
		{C79BC152-ABDF-4450-BA39-A93B93629642}.Release|Any CPU.ActiveCfg = Release|Any CPU
		{C79BC152-ABDF-4450-BA39-A93B93629642}.Release|Any CPU.Build.0 = Release|Any CPU
	EndGlobalSection
	GlobalSection(SolutionProperties) = preSolution
		HideSolutionNode = FALSE
	EndGlobalSection
	GlobalSection(ExtensibilityGlobals) = postSolution
		SolutionGuid = {66B8BA9A-1484-4ED1-868A-0F1D18279583}
	EndGlobalSection
EndGlobal
