
Microsoft Visual Studio Solution File, Format Version 12.00
# Visual Studio Version 17
VisualStudioVersion = 17.6.33815.320
MinimumVisualStudioVersion = 10.0.40219.1
Project("{FAE04EC0-301F-11D3-BF4B-00C04F79EFBC}") = "Ex001", "Ex001\Ex001.csproj", "{57F37EE7-5680-4393-9996-E7AB8EBB287B}"
EndProject
Project("{FAE04EC0-301F-11D3-BF4B-00C04F79EFBC}") = "EX002", "EX002\EX002.csproj", "{3CE9C3E6-BA73-4C74-8994-88C9CC753DCA}"
EndProject
Project("{FAE04EC0-301F-11D3-BF4B-00C04F79EFBC}") = "EX003", "EX003\EX003.csproj", "{0B5A1ABD-4227-4E7D-BE36-ABF1A5356B90}"
EndProject
Project("{FAE04EC0-301F-11D3-BF4B-00C04F79EFBC}") = "EX004", "EX004\EX004.csproj", "{7A5381EC-049A-40EC-A649-8EC2F4F1B3D8}"
EndProject
Project("{FAE04EC0-301F-11D3-BF4B-00C04F79EFBC}") = "EX005", "EX005\EX005.csproj", "{6B1FFA77-7450-456F-8085-87624ECC0F33}"
EndProject
Project("{FAE04EC0-301F-11D3-BF4B-00C04F79EFBC}") = "EX006", "EX006\EX006.csproj", "{439220F7-0B77-4D3A-A90E-A5A53E4C7E4F}"
EndProject
Project("{FAE04EC0-301F-11D3-BF4B-00C04F79EFBC}") = "EX007", "EX007\EX007.csproj", "{8420B780-4283-4DF4-B474-6F5A81BF5CAA}"
EndProject
Project("{FAE04EC0-301F-11D3-BF4B-00C04F79EFBC}") = "EX008", "EX008\EX008.csproj", "{F747F800-19ED-4A62-92FC-56D75CDCEBFD}"
EndProject
Project("{FAE04EC0-301F-11D3-BF4B-00C04F79EFBC}") = "EX009", "EX009\EX009.csproj", "{1A97D4F8-8895-4BD5-83D1-A36BFE3365A4}"
EndProject
Global
	GlobalSection(SolutionConfigurationPlatforms) = preSolution
		Debug|Any CPU = Debug|Any CPU
		Release|Any CPU = Release|Any CPU
	EndGlobalSection
	GlobalSection(ProjectConfigurationPlatforms) = postSolution
		{57F37EE7-5680-4393-9996-E7AB8EBB287B}.Debug|Any CPU.ActiveCfg = Debug|Any CPU
		{57F37EE7-5680-4393-9996-E7AB8EBB287B}.Debug|Any CPU.Build.0 = Debug|Any CPU
		{57F37EE7-5680-4393-9996-E7AB8EBB287B}.Release|Any CPU.ActiveCfg = Release|Any CPU
		{57F37EE7-5680-4393-9996-E7AB8EBB287B}.Release|Any CPU.Build.0 = Release|Any CPU
		{3CE9C3E6-BA73-4C74-8994-88C9CC753DCA}.Debug|Any CPU.ActiveCfg = Debug|Any CPU
		{3CE9C3E6-BA73-4C74-8994-88C9CC753DCA}.Debug|Any CPU.Build.0 = Debug|Any CPU
		{3CE9C3E6-BA73-4C74-8994-88C9CC753DCA}.Release|Any CPU.ActiveCfg = Release|Any CPU
		{3CE9C3E6-BA73-4C74-8994-88C9CC753DCA}.Release|Any CPU.Build.0 = Release|Any CPU
		{0B5A1ABD-4227-4E7D-BE36-ABF1A5356B90}.Debug|Any CPU.ActiveCfg = Debug|Any CPU
		{0B5A1ABD-4227-4E7D-BE36-ABF1A5356B90}.Debug|Any CPU.Build.0 = Debug|Any CPU
		{0B5A1ABD-4227-4E7D-BE36-ABF1A5356B90}.Release|Any CPU.ActiveCfg = Release|Any CPU
		{0B5A1ABD-4227-4E7D-BE36-ABF1A5356B90}.Release|Any CPU.Build.0 = Release|Any CPU
		{7A5381EC-049A-40EC-A649-8EC2F4F1B3D8}.Debug|Any CPU.ActiveCfg = Debug|Any CPU
		{7A5381EC-049A-40EC-A649-8EC2F4F1B3D8}.Debug|Any CPU.Build.0 = Debug|Any CPU
		{7A5381EC-049A-40EC-A649-8EC2F4F1B3D8}.Release|Any CPU.ActiveCfg = Release|Any CPU
		{7A5381EC-049A-40EC-A649-8EC2F4F1B3D8}.Release|Any CPU.Build.0 = Release|Any CPU
		{6B1FFA77-7450-456F-8085-87624ECC0F33}.Debug|Any CPU.ActiveCfg = Debug|Any CPU
		{6B1FFA77-7450-456F-8085-87624ECC0F33}.Debug|Any CPU.Build.0 = Debug|Any CPU
		{6B1FFA77-7450-456F-8085-87624ECC0F33}.Release|Any CPU.ActiveCfg = Release|Any CPU
		{6B1FFA77-7450-456F-8085-87624ECC0F33}.Release|Any CPU.Build.0 = Release|Any CPU
		{439220F7-0B77-4D3A-A90E-A5A53E4C7E4F}.Debug|Any CPU.ActiveCfg = Debug|Any CPU
		{439220F7-0B77-4D3A-A90E-A5A53E4C7E4F}.Debug|Any CPU.Build.0 = Debug|Any CPU
		{439220F7-0B77-4D3A-A90E-A5A53E4C7E4F}.Release|Any CPU.ActiveCfg = Release|Any CPU
		{439220F7-0B77-4D3A-A90E-A5A53E4C7E4F}.Release|Any CPU.Build.0 = Release|Any CPU
		{8420B780-4283-4DF4-B474-6F5A81BF5CAA}.Debug|Any CPU.ActiveCfg = Debug|Any CPU
		{8420B780-4283-4DF4-B474-6F5A81BF5CAA}.Debug|Any CPU.Build.0 = Debug|Any CPU
		{8420B780-4283-4DF4-B474-6F5A81BF5CAA}.Release|Any CPU.ActiveCfg = Release|Any CPU
		{8420B780-4283-4DF4-B474-6F5A81BF5CAA}.Release|Any CPU.Build.0 = Release|Any CPU
		{F747F800-19ED-4A62-92FC-56D75CDCEBFD}.Debug|Any CPU.ActiveCfg = Debug|Any CPU
		{F747F800-19ED-4A62-92FC-56D75CDCEBFD}.Debug|Any CPU.Build.0 = Debug|Any CPU
		{F747F800-19ED-4A62-92FC-56D75CDCEBFD}.Release|Any CPU.ActiveCfg = Release|Any CPU
		{F747F800-19ED-4A62-92FC-56D75CDCEBFD}.Release|Any CPU.Build.0 = Release|Any CPU
		{1A97D4F8-8895-4BD5-83D1-A36BFE3365A4}.Debug|Any CPU.ActiveCfg = Debug|Any CPU
		{1A97D4F8-8895-4BD5-83D1-A36BFE3365A4}.Debug|Any CPU.Build.0 = Debug|Any CPU
		{1A97D4F8-8895-4BD5-83D1-A36BFE3365A4}.Release|Any CPU.ActiveCfg = Release|Any CPU
		{1A97D4F8-8895-4BD5-83D1-A36BFE3365A4}.Release|Any CPU.Build.0 = Release|Any CPU
	EndGlobalSection
	GlobalSection(SolutionProperties) = preSolution
		HideSolutionNode = FALSE
	EndGlobalSection
	GlobalSection(ExtensibilityGlobals) = postSolution
		SolutionGuid = {4CC7F7A2-6FFC-4EF2-B822-3E3AE2872B1C}
	EndGlobalSection
EndGlobal
